// !$*UTF8*$!
{
	archiveVersion = 1;
	classes = {
	};
	objectVersion = 77;
	objects = {

/* Begin PBXBuildFile section */
		8DE038172F4D00C500274FB2 /* Supabase in Frameworks */ = {isa = PBXBuildFile; productRef = 8DE038162F4D00C500274FB2 /* Supabase */; };
/* End PBXBuildFile section */

/* Begin PBXContainerItemProxy section */
		8DACE12D2F367BA800C6AB1B /* PBXContainerItemProxy */ = {
			isa = PBXContainerItemProxy;
			containerPortal = 8DACE1152F367BA600C6AB1B /* Project object */;
			proxyType = 1;
			remoteGlobalIDString = 8DACE11C2F367BA600C6AB1B;
			remoteInfo = "Ag Spray Drone Field and Chemical Tracking";
		};
		8DACE1372F367BA800C6AB1B /* PBXContainerItemProxy */ = {
			isa = PBXContainerItemProxy;
			containerPortal = 8DACE1152F367BA600C6AB1B /* Project object */;
			proxyType = 1;
			remoteGlobalIDString = 8DACE11C2F367BA600C6AB1B;
			remoteInfo = "Ag Spray Drone Field and Chemical Tracking";
		};
/* End PBXContainerItemProxy section */

/* Begin PBXFileReference section */
		8DACE11D2F367BA600C6AB1B /* Ag Spray Drone Field and Chemical Tracking.app */ = {isa = PBXFileReference; explicitFileType = wrapper.application; includeInIndex = 0; path = "Ag Spray Drone Field and Chemical Tracking.app"; sourceTree = BUILT_PRODUCTS_DIR; };
		8DACE12C2F367BA800C6AB1B /* Ag Spray Drone Field and Chemical TrackingTests.xctest */ = {isa = PBXFileReference; explicitFileType = wrapper.cfbundle; includeInIndex = 0; path = "Ag Spray Drone Field and Chemical TrackingTests.xctest"; sourceTree = BUILT_PRODUCTS_DIR; };
		8DACE1362F367BA800C6AB1B /* Ag Spray Drone Field and Chemical TrackingUITests.xctest */ = {isa = PBXFileReference; explicitFileType = wrapper.cfbundle; includeInIndex = 0; path = "Ag Spray Drone Field and Chemical TrackingUITests.xctest"; sourceTree = BUILT_PRODUCTS_DIR; };
/* End PBXFileReference section */

/* Begin PBXFileSystemSynchronizedRootGroup section */
		8DACE11F2F367BA600C6AB1B /* Ag Spray Drone Field and Chemical Tracking */ = {
			isa = PBXFileSystemSynchronizedRootGroup;
			path = "Ag Spray Drone Field and Chemical Tracking";
			sourceTree = "<group>";
		};
		8DACE12F2F367BA800C6AB1B /* Ag Spray Drone Field and Chemical TrackingTests */ = {
			isa = PBXFileSystemSynchronizedRootGroup;
			path = "Ag Spray Drone Field and Chemical TrackingTests";
			sourceTree = "<group>";
		};
		8DACE1392F367BA800C6AB1B /* Ag Spray Drone Field and Chemical TrackingUITests */ = {
			isa = PBXFileSystemSynchronizedRootGroup;
			path = "Ag Spray Drone Field and Chemical TrackingUITests";
			sourceTree = "<group>";
		};
/* End PBXFileSystemSynchronizedRootGroup section */

/* Begin PBXFrameworksBuildPhase section */
		8DACE11A2F367BA600C6AB1B /* Frameworks */ = {
			isa = PBXFrameworksBuildPhase;
			buildActionMask = 2147483647;
			files = (
				8DE038172F4D00C500274FB2 /* Supabase in Frameworks */,
			);
			runOnlyForDeploymentPostprocessing = 0;
		};
		8DACE1292F367BA800C6AB1B /* Frameworks */ = {
			isa = PBXFrameworksBuildPhase;
			buildActionMask = 2147483647;
			files = (
			);
			runOnlyForDeploymentPostprocessing = 0;
		};
		8DACE1332F367BA800C6AB1B /* Frameworks */ = {
			isa = PBXFrameworksBuildPhase;
			buildActionMask = 2147483647;
			files = (
			);
			runOnlyForDeploymentPostprocessing = 0;
		};
/* End PBXFrameworksBuildPhase section */

/* Begin PBXGroup section */
		8DACE1142F367BA600C6AB1B = {
			isa = PBXGroup;
			children = (
				8DACE11F2F367BA600C6AB1B /* Ag Spray Drone Field and Chemical Tracking */,
				8DACE12F2F367BA800C6AB1B /* Ag Spray Drone Field and Chemical TrackingTests */,
				8DACE1392F367BA800C6AB1B /* Ag Spray Drone Field and Chemical TrackingUITests */,
				8DE038152F4D00C500274FB2 /* Frameworks */,
				8DACE11E2F367BA600C6AB1B /* Products */,
			);
			sourceTree = "<group>";
		};
		8DACE11E2F367BA600C6AB1B /* Products */ = {
			isa = PBXGroup;
			children = (
				8DACE11D2F367BA600C6AB1B /* Ag Spray Drone Field and Chemical Tracking.app */,
				8DACE12C2F367BA800C6AB1B /* Ag Spray Drone Field and Chemical TrackingTests.xctest */,
				8DACE1362F367BA800C6AB1B /* Ag Spray Drone Field and Chemical TrackingUITests.xctest */,
			);
			name = Products;
			sourceTree = "<group>";
		};
		8DE038152F4D00C500274FB2 /* Frameworks */ = {
			isa = PBXGroup;
			children = (
			);
			name = Frameworks;
			sourceTree = "<group>";
		};
/* End PBXGroup section */

/* Begin PBXNativeTarget section */
		8DACE11C2F367BA600C6AB1B /* Ag Spray Drone Field and Chemical Tracking */ = {
			isa = PBXNativeTarget;
			buildConfigurationList = 8DACE1402F367BA800C6AB1B /* Build configuration list for PBXNativeTarget "Ag Spray Drone Field and Chemical Tracking" */;
			buildPhases = (
				8DACE1192F367BA600C6AB1B /* Sources */,
				8DACE11A2F367BA600C6AB1B /* Frameworks */,
				8DACE11B2F367BA600C6AB1B /* Resources */,
			);
			buildRules = (
			);
			dependencies = (
			);
			fileSystemSynchronizedGroups = (
				8DACE11F2F367BA600C6AB1B /* Ag Spray Drone Field and Chemical Tracking */,
			);
			name = "Ag Spray Drone Field and Chemical Tracking";
			packageProductDependencies = (
				8DE038162F4D00C500274FB2 /* Supabase */,
			);
			productName = "Ag Spray Drone Field and Chemical Tracking";
			productReference = 8DACE11D2F367BA600C6AB1B /* Ag Spray Drone Field and Chemical Tracking.app */;
			productType = "com.apple.product-type.application";
		};
		8DACE12B2F367BA800C6AB1B /* Ag Spray Drone Field and Chemical TrackingTests */ = {
			isa = PBXNativeTarget;
			buildConfigurationList = 8DACE1432F367BA800C6AB1B /* Build configuration list for PBXNativeTarget "Ag Spray Drone Field and Chemical TrackingTests" */;
			buildPhases = (
				8DACE1282F367BA800C6AB1B /* Sources */,
				8DACE1292F367BA800C6AB1B /* Frameworks */,
				8DACE12A2F367BA800C6AB1B /* Resources */,
			);
			buildRules = (
			);
			dependencies = (
				8DACE12E2F367BA800C6AB1B /* PBXTargetDependency */,
			);
			fileSystemSynchronizedGroups = (
				8DACE12F2F367BA800C6AB1B /* Ag Spray Drone Field and Chemical TrackingTests */,
			);
			name = "Ag Spray Drone Field and Chemical TrackingTests";
			packageProductDependencies = (
			);
			productName = "Ag Spray Drone Field and Chemical TrackingTests";
			productReference = 8DACE12C2F367BA800C6AB1B /* Ag Spray Drone Field and Chemical TrackingTests.xctest */;
			productType = "com.apple.product-type.bundle.unit-test";
		};
		8DACE1352F367BA800C6AB1B /* Ag Spray Drone Field and Chemical TrackingUITests */ = {
			isa = PBXNativeTarget;
			buildConfigurationList = 8DACE1462F367BA800C6AB1B /* Build configuration list for PBXNativeTarget "Ag Spray Drone Field and Chemical TrackingUITests" */;
			buildPhases = (
				8DACE1322F367BA800C6AB1B /* Sources */,
				8DACE1332F367BA800C6AB1B /* Frameworks */,
				8DACE1342F367BA800C6AB1B /* Resources */,
			);
			buildRules = (
			);
			dependencies = (
				8DACE1382F367BA800C6AB1B /* PBXTargetDependency */,
			);
			fileSystemSynchronizedGroups = (
				8DACE1392F367BA800C6AB1B /* Ag Spray Drone Field and Chemical TrackingUITests */,
			);
			name = "Ag Spray Drone Field and Chemical TrackingUITests";
			packageProductDependencies = (
			);
			productName = "Ag Spray Drone Field and Chemical TrackingUITests";
			productReference = 8DACE1362F367BA800C6AB1B /* Ag Spray Drone Field and Chemical TrackingUITests.xctest */;
			productType = "com.apple.product-type.bundle.ui-testing";
		};
/* End PBXNativeTarget section */

/* Begin PBXProject section */
		8DACE1152F367BA600C6AB1B /* Project object */ = {
			isa = PBXProject;
			attributes = {
				BuildIndependentTargetsInParallel = 1;
				LastSwiftUpdateCheck = 2620;
				LastUpgradeCheck = 2630;
				TargetAttributes = {
					8DACE11C2F367BA600C6AB1B = {
						CreatedOnToolsVersion = 26.2;
					};
					8DACE12B2F367BA800C6AB1B = {
						CreatedOnToolsVersion = 26.2;
						TestTargetID = 8DACE11C2F367BA600C6AB1B;
					};
					8DACE1352F367BA800C6AB1B = {
						CreatedOnToolsVersion = 26.2;
						TestTargetID = 8DACE11C2F367BA600C6AB1B;
					};
				};
			};
			buildConfigurationList = 8DACE1182F367BA600C6AB1B /* Build configuration list for PBXProject "Ag Spray Drone Field and Chemical Tracking" */;
			developmentRegion = en;
			hasScannedForEncodings = 0;
			knownRegions = (
				en,
				Base,
			);
			mainGroup = 8DACE1142F367BA600C6AB1B;
			minimizedProjectReferenceProxies = 1;
			packageReferences = (
				8DE038142F4CFC4900274FB2 /* XCRemoteSwiftPackageReference "supabase-swift" */,
			);
			preferredProjectObjectVersion = 77;
			productRefGroup = 8DACE11E2F367BA600C6AB1B /* Products */;
			projectDirPath = "";
			projectRoot = "";
			targets = (
				8DACE11C2F367BA600C6AB1B /* Ag Spray Drone Field and Chemical Tracking */,
				8DACE12B2F367BA800C6AB1B /* Ag Spray Drone Field and Chemical TrackingTests */,
				8DACE1352F367BA800C6AB1B /* Ag Spray Drone Field and Chemical TrackingUITests */,
			);
		};
/* End PBXProject section */

/* Begin PBXResourcesBuildPhase section */
		8DACE11B2F367BA600C6AB1B /* Resources */ = {
			isa = PBXResourcesBuildPhase;
			buildActionMask = 2147483647;
			files = (
			);
			runOnlyForDeploymentPostprocessing = 0;
		};
		8DACE12A2F367BA800C6AB1B /* Resources */ = {
			isa = PBXResourcesBuildPhase;
			buildActionMask = 2147483647;
			files = (
			);
			runOnlyForDeploymentPostprocessing = 0;
		};
		8DACE1342F367BA800C6AB1B /* Resources */ = {
			isa = PBXResourcesBuildPhase;
			buildActionMask = 2147483647;
			files = (
			);
			runOnlyForDeploymentPostprocessing = 0;
		};
/* End PBXResourcesBuildPhase section */

/* Begin PBXSourcesBuildPhase section */
		8DACE1192F367BA600C6AB1B /* Sources */ = {
			isa = PBXSourcesBuildPhase;
			buildActionMask = 2147483647;
			files = (
			);
			runOnlyForDeploymentPostprocessing = 0;
		};
		8DACE1282F367BA800C6AB1B /* Sources */ = {
			isa = PBXSourcesBuildPhase;
			buildActionMask = 2147483647;
			files = (
			);
			runOnlyForDeploymentPostprocessing = 0;
		};
		8DACE1322F367BA800C6AB1B /* Sources */ = {
			isa = PBXSourcesBuildPhase;
			buildActionMask = 2147483647;
			files = (
			);
			runOnlyForDeploymentPostprocessing = 0;
		};
/* End PBXSourcesBuildPhase section */

/* Begin PBXTargetDependency section */
		8DACE12E2F367BA800C6AB1B /* PBXTargetDependency */ = {
			isa = PBXTargetDependency;
			target = 8DACE11C2F367BA600C6AB1B /* Ag Spray Drone Field and Chemical Tracking */;
			targetProxy = 8DACE12D2F367BA800C6AB1B /* PBXContainerItemProxy */;
		};
		8DACE1382F367BA800C6AB1B /* PBXTargetDependency */ = {
			isa = PBXTargetDependency;
			target = 8DACE11C2F367BA600C6AB1B /* Ag Spray Drone Field and Chemical Tracking */;
			targetProxy = 8DACE1372F367BA800C6AB1B /* PBXContainerItemProxy */;
		};
/* End PBXTargetDependency section */

/* Begin XCBuildConfiguration section */
		8DACE13E2F367BA800C6AB1B /* Debug */ = {
			isa = XCBuildConfiguration;
			buildSettings = {
				ALWAYS_SEARCH_USER_PATHS = NO;
				ASSETCATALOG_COMPILER_GENERATE_SWIFT_ASSET_SYMBOL_EXTENSIONS = YES;
				CLANG_ANALYZER_NONNULL = YES;
				CLANG_ANALYZER_NUMBER_OBJECT_CONVERSION = YES_AGGRESSIVE;
				CLANG_CXX_LANGUAGE_STANDARD = "gnu++20";
				CLANG_ENABLE_MODULES = YES;
				CLANG_ENABLE_OBJC_ARC = YES;
				CLANG_ENABLE_OBJC_WEAK = YES;
				CLANG_WARN_BLOCK_CAPTURE_AUTORELEASING = YES;
				CLANG_WARN_BOOL_CONVERSION = YES;
				CLANG_WARN_COMMA = YES;
				CLANG_WARN_CONSTANT_CONVERSION = YES;
				CLANG_WARN_DEPRECATED_OBJC_IMPLEMENTATIONS = YES;
				CLANG_WARN_DIRECT_OBJC_ISA_USAGE = YES_ERROR;
				CLANG_WARN_DOCUMENTATION_COMMENTS = YES;
				CLANG_WARN_EMPTY_BODY = YES;
				CLANG_WARN_ENUM_CONVERSION = YES;
				CLANG_WARN_INFINITE_RECURSION = YES;
				CLANG_WARN_INT_CONVERSION = YES;
				CLANG_WARN_NON_LITERAL_NULL_CONVERSION = YES;
				CLANG_WARN_OBJC_IMPLICIT_RETAIN_SELF = YES;
				CLANG_WARN_OBJC_LITERAL_CONVERSION = YES;
				CLANG_WARN_OBJC_ROOT_CLASS = YES_ERROR;
				CLANG_WARN_QUOTED_INCLUDE_IN_FRAMEWORK_HEADER = YES;
				CLANG_WARN_RANGE_LOOP_ANALYSIS = YES;
				CLANG_WARN_STRICT_PROTOTYPES = YES;
				CLANG_WARN_SUSPICIOUS_MOVE = YES;
				CLANG_WARN_UNGUARDED_AVAILABILITY = YES_AGGRESSIVE;
				CLANG_WARN_UNREACHABLE_CODE = YES;
				CLANG_WARN__DUPLICATE_METHOD_MATCH = YES;
				COPY_PHASE_STRIP = NO;
				DEBUG_INFORMATION_FORMAT = dwarf;
				DEVELOPMENT_TEAM = 9HT6TSQV5F;
				ENABLE_STRICT_OBJC_MSGSEND = YES;
				ENABLE_TESTABILITY = YES;
				ENABLE_USER_SCRIPT_SANDBOXING = YES;
				GCC_C_LANGUAGE_STANDARD = gnu17;
				GCC_DYNAMIC_NO_PIC = NO;
				GCC_NO_COMMON_BLOCKS = YES;
				GCC_OPTIMIZATION_LEVEL = 0;
				GCC_PREPROCESSOR_DEFINITIONS = (
					"DEBUG=1",
					"$(inherited)",
				);
				GCC_WARN_64_TO_32_BIT_CONVERSION = YES;
				GCC_WARN_ABOUT_RETURN_TYPE = YES_ERROR;
				GCC_WARN_UNDECLARED_SELECTOR = YES;
				GCC_WARN_UNINITIALIZED_AUTOS = YES_AGGRESSIVE;
				GCC_WARN_UNUSED_FUNCTION = YES;
				GCC_WARN_UNUSED_VARIABLE = YES;
				IPHONEOS_DEPLOYMENT_TARGET = 26.2;
				LOCALIZATION_PREFERS_STRING_CATALOGS = YES;
				MTL_ENABLE_DEBUG_INFO = INCLUDE_SOURCE;
				MTL_FAST_MATH = YES;
				ONLY_ACTIVE_ARCH = YES;
				SDKROOT = iphoneos;
				STRING_CATALOG_GENERATE_SYMBOLS = YES;
				SWIFT_ACTIVE_COMPILATION_CONDITIONS = "DEBUG $(inherited)";
				SWIFT_OPTIMIZATION_LEVEL = "-Onone";
			};
			name = Debug;
		};
		8DACE13F2F367BA800C6AB1B /* Release */ = {
			isa = XCBuildConfiguration;
			buildSettings = {
				ALWAYS_SEARCH_USER_PATHS = NO;
				ASSETCATALOG_COMPILER_GENERATE_SWIFT_ASSET_SYMBOL_EXTENSIONS = YES;
				CLANG_ANALYZER_NONNULL = YES;
				CLANG_ANALYZER_NUMBER_OBJECT_CONVERSION = YES_AGGRESSIVE;
				CLANG_CXX_LANGUAGE_STANDARD = "gnu++20";
				CLANG_ENABLE_MODULES = YES;
				CLANG_ENABLE_OBJC_ARC = YES;
				CLANG_ENABLE_OBJC_WEAK = YES;
				CLANG_WARN_BLOCK_CAPTURE_AUTORELEASING = YES;
				CLANG_WARN_BOOL_CONVERSION = YES;
				CLANG_WARN_COMMA = YES;
				CLANG_WARN_CONSTANT_CONVERSION = YES;
				CLANG_WARN_DEPRECATED_OBJC_IMPLEMENTATIONS = YES;
				CLANG_WARN_DIRECT_OBJC_ISA_USAGE = YES_ERROR;
				CLANG_WARN_DOCUMENTATION_COMMENTS = YES;
				CLANG_WARN_EMPTY_BODY = YES;
				CLANG_WARN_ENUM_CONVERSION = YES;
				CLANG_WARN_INFINITE_RECURSION = YES;
				CLANG_WARN_INT_CONVERSION = YES;
				CLANG_WARN_NON_LITERAL_NULL_CONVERSION = YES;
				CLANG_WARN_OBJC_IMPLICIT_RETAIN_SELF = YES;
				CLANG_WARN_OBJC_LITERAL_CONVERSION = YES;
				CLANG_WARN_OBJC_ROOT_CLASS = YES_ERROR;
				CLANG_WARN_QUOTED_INCLUDE_IN_FRAMEWORK_HEADER = YES;
				CLANG_WARN_RANGE_LOOP_ANALYSIS = YES;
				CLANG_WARN_STRICT_PROTOTYPES = YES;
				CLANG_WARN_SUSPICIOUS_MOVE = YES;
				CLANG_WARN_UNGUARDED_AVAILABILITY = YES_AGGRESSIVE;
				CLANG_WARN_UNREACHABLE_CODE = YES;
				CLANG_WARN__DUPLICATE_METHOD_MATCH = YES;
				COPY_PHASE_STRIP = NO;
				DEBUG_INFORMATION_FORMAT = "dwarf-with-dsym";
				DEVELOPMENT_TEAM = 9HT6TSQV5F;
				ENABLE_NS_ASSERTIONS = NO;
				ENABLE_STRICT_OBJC_MSGSEND = YES;
				ENABLE_USER_SCRIPT_SANDBOXING = YES;
				GCC_C_LANGUAGE_STANDARD = gnu17;
				GCC_NO_COMMON_BLOCKS = YES;
				GCC_WARN_64_TO_32_BIT_CONVERSION = YES;
				GCC_WARN_ABOUT_RETURN_TYPE = YES_ERROR;
				GCC_WARN_UNDECLARED_SELECTOR = YES;
				GCC_WARN_UNINITIALIZED_AUTOS = YES_AGGRESSIVE;
				GCC_WARN_UNUSED_FUNCTION = YES;
				GCC_WARN_UNUSED_VARIABLE = YES;
				IPHONEOS_DEPLOYMENT_TARGET = 26.2;
				LOCALIZATION_PREFERS_STRING_CATALOGS = YES;
				MTL_ENABLE_DEBUG_INFO = NO;
				MTL_FAST_MATH = YES;
				SDKROOT = iphoneos;
				STRING_CATALOG_GENERATE_SYMBOLS = YES;
				SWIFT_COMPILATION_MODE = wholemodule;
				VALIDATE_PRODUCT = YES;
			};
			name = Release;
		};
		8DACE1412F367BA800C6AB1B /* Debug */ = {
			isa = XCBuildConfiguration;
			buildSettings = {
				ASSETCATALOG_COMPILER_APPICON_NAME = AppIcon;
				ASSETCATALOG_COMPILER_GLOBAL_ACCENT_COLOR_NAME = AccentColor;
				CODE_SIGN_STYLE = Automatic;
				CURRENT_PROJECT_VERSION = 2;
				DEVELOPMENT_TEAM = 7L54385C92;
				ENABLE_PREVIEWS = YES;
				GENERATE_INFOPLIST_FILE = YES;
				INFOPLIST_FILE = "Ag-Spray-Drone-Field-and-Chemical-Tracking-Info.plist";
				INFOPLIST_KEY_CFBundleDisplayName = "";
				INFOPLIST_KEY_LSApplicationCategoryType = "";
				INFOPLIST_KEY_NSLocationWhenInUseUsageDescription = "We use your location to auto-fill field address and local weather while you use the app.";
				INFOPLIST_KEY_UIApplicationSceneManifest_Generation = YES;
				INFOPLIST_KEY_UIApplicationSupportsIndirectInputEvents = YES;
				INFOPLIST_KEY_UILaunchScreen_Generation = YES;
				INFOPLIST_KEY_UISupportedInterfaceOrientations_iPad = "UIInterfaceOrientationPortrait UIInterfaceOrientationPortraitUpsideDown UIInterfaceOrientationLandscapeLeft UIInterfaceOrientationLandscapeRight";
				INFOPLIST_KEY_UISupportedInterfaceOrientations_iPhone = "UIInterfaceOrientationPortrait UIInterfaceOrientationLandscapeLeft UIInterfaceOrientationLandscapeRight";
				LD_RUNPATH_SEARCH_PATHS = (
					"$(inherited)",
					"@executable_path/Frameworks",
				);
				MARKETING_VERSION = 2.0;
				PRODUCT_BUNDLE_IDENTIFIER = "com.hetsler-com.hetsler.Ag-Spray-Drone-Field-and-Chemical-Tracking";
				PRODUCT_NAME = "$(TARGET_NAME)";
				STRING_CATALOG_GENERATE_SYMBOLS = YES;
				SWIFT_APPROACHABLE_CONCURRENCY = YES;
				SWIFT_DEFAULT_ACTOR_ISOLATION = MainActor;
				SWIFT_EMIT_LOC_STRINGS = YES;
				SWIFT_UPCOMING_FEATURE_MEMBER_IMPORT_VISIBILITY = YES;
				SWIFT_VERSION = 5.0;
				TARGETED_DEVICE_FAMILY = "1,2";
			};
			name = Debug;
		};
		8DACE1422F367BA800C6AB1B /* Release */ = {
			isa = XCBuildConfiguration;
			buildSettings = {
				ASSETCATALOG_COMPILER_APPICON_NAME = AppIcon;
				ASSETCATALOG_COMPILER_GLOBAL_ACCENT_COLOR_NAME = AccentColor;
				CODE_SIGN_STYLE = Automatic;
				CURRENT_PROJECT_VERSION = 2;
				DEVELOPMENT_TEAM = 7L54385C92;
				ENABLE_PREVIEWS = YES;
				GENERATE_INFOPLIST_FILE = YES;
				INFOPLIST_FILE = "Ag-Spray-Drone-Field-and-Chemical-Tracking-Info.plist";
				INFOPLIST_KEY_CFBundleDisplayName = "";
				INFOPLIST_KEY_LSApplicationCategoryType = "";
				INFOPLIST_KEY_NSLocationWhenInUseUsageDescription = "We use your location to auto-fill field address and local weather while you use the app.";
				INFOPLIST_KEY_UIApplicationSceneManifest_Generation = YES;
				INFOPLIST_KEY_UIApplicationSupportsIndirectInputEvents = YES;
				INFOPLIST_KEY_UILaunchScreen_Generation = YES;
				INFOPLIST_KEY_UISupportedInterfaceOrientations_iPad = "UIInterfaceOrientationPortrait UIInterfaceOrientationPortraitUpsideDown UIInterfaceOrientationLandscapeLeft UIInterfaceOrientationLandscapeRight";
				INFOPLIST_KEY_UISupportedInterfaceOrientations_iPhone = "UIInterfaceOrientationPortrait UIInterfaceOrientationLandscapeLeft UIInterfaceOrientationLandscapeRight";
				LD_RUNPATH_SEARCH_PATHS = (
					"$(inherited)",
					"@executable_path/Frameworks",
				);
				MARKETING_VERSION = 2.0;
				PRODUCT_BUNDLE_IDENTIFIER = "com.hetsler-com.hetsler.Ag-Spray-Drone-Field-and-Chemical-Tracking";
				PRODUCT_NAME = "$(TARGET_NAME)";
				STRING_CATALOG_GENERATE_SYMBOLS = YES;
				SWIFT_APPROACHABLE_CONCURRENCY = YES;
				SWIFT_DEFAULT_ACTOR_ISOLATION = MainActor;
				SWIFT_EMIT_LOC_STRINGS = YES;
				SWIFT_UPCOMING_FEATURE_MEMBER_IMPORT_VISIBILITY = YES;
				SWIFT_VERSION = 5.0;
				TARGETED_DEVICE_FAMILY = "1,2";
			};
			name = Release;
		};
		8DACE1442F367BA800C6AB1B /* Debug */ = {
			isa = XCBuildConfiguration;
			buildSettings = {
				BUNDLE_LOADER = "$(TEST_HOST)";
				CODE_SIGN_STYLE = Automatic;
				CURRENT_PROJECT_VERSION = 1;
				DEVELOPMENT_TEAM = 9HT6TSQV5F;
				GENERATE_INFOPLIST_FILE = YES;
				IPHONEOS_DEPLOYMENT_TARGET = 26.2;
				MARKETING_VERSION = 1.0;
				PRODUCT_BUNDLE_IDENTIFIER = "com.hetsler-com.hetsler.Ag-Spray-Drone-Field-and-Chemical-TrackingTests";
				PRODUCT_NAME = "$(TARGET_NAME)";
				STRING_CATALOG_GENERATE_SYMBOLS = NO;
				SWIFT_APPROACHABLE_CONCURRENCY = YES;
				SWIFT_EMIT_LOC_STRINGS = NO;
				SWIFT_UPCOMING_FEATURE_MEMBER_IMPORT_VISIBILITY = YES;
				SWIFT_VERSION = 5.0;
				TARGETED_DEVICE_FAMILY = "1,2";
				TEST_HOST = "$(BUILT_PRODUCTS_DIR)/Ag Spray Drone Field and Chemical Tracking.app/$(BUNDLE_EXECUTABLE_FOLDER_PATH)/Ag Spray Drone Field and Chemical Tracking";
			};
			name = Debug;
		};
		8DACE1452F367BA800C6AB1B /* Release */ = {
			isa = XCBuildConfiguration;
			buildSettings = {
				BUNDLE_LOADER = "$(TEST_HOST)";
				CODE_SIGN_STYLE = Automatic;
				CURRENT_PROJECT_VERSION = 1;
				DEVELOPMENT_TEAM = 9HT6TSQV5F;
				GENERATE_INFOPLIST_FILE = YES;
				IPHONEOS_DEPLOYMENT_TARGET = 26.2;
				MARKETING_VERSION = 1.0;
				PRODUCT_BUNDLE_IDENTIFIER = "com.hetsler-com.hetsler.Ag-Spray-Drone-Field-and-Chemical-TrackingTests";
				PRODUCT_NAME = "$(TARGET_NAME)";
				STRING_CATALOG_GENERATE_SYMBOLS = NO;
				SWIFT_APPROACHABLE_CONCURRENCY = YES;
				SWIFT_EMIT_LOC_STRINGS = NO;
				SWIFT_UPCOMING_FEATURE_MEMBER_IMPORT_VISIBILITY = YES;
				SWIFT_VERSION = 5.0;
				TARGETED_DEVICE_FAMILY = "1,2";
				TEST_HOST = "$(BUILT_PRODUCTS_DIR)/Ag Spray Drone Field and Chemical Tracking.app/$(BUNDLE_EXECUTABLE_FOLDER_PATH)/Ag Spray Drone Field and Chemical Tracking";
			};
			name = Release;
		};
		8DACE1472F367BA800C6AB1B /* Debug */ = {
			isa = XCBuildConfiguration;
			buildSettings = {
				CODE_SIGN_STYLE = Automatic;
				CURRENT_PROJECT_VERSION = 1;
				DEVELOPMENT_TEAM = 9HT6TSQV5F;
				GENERATE_INFOPLIST_FILE = YES;
				MARKETING_VERSION = 1.0;
				PRODUCT_BUNDLE_IDENTIFIER = "com.hetsler-com.hetsler.Ag-Spray-Drone-Field-and-Chemical-TrackingUITests";
				PRODUCT_NAME = "$(TARGET_NAME)";
				STRING_CATALOG_GENERATE_SYMBOLS = NO;
				SWIFT_APPROACHABLE_CONCURRENCY = YES;
				SWIFT_EMIT_LOC_STRINGS = NO;
				SWIFT_UPCOMING_FEATURE_MEMBER_IMPORT_VISIBILITY = YES;
				SWIFT_VERSION = 5.0;
				TARGETED_DEVICE_FAMILY = "1,2";
				TEST_TARGET_NAME = "Ag Spray Drone Field and Chemical Tracking";
			};
			name = Debug;
		};
		8DACE1482F367BA800C6AB1B /* Release */ = {
			isa = XCBuildConfiguration;
			buildSettings = {
				CODE_SIGN_STYLE = Automatic;
				CURRENT_PROJECT_VERSION = 1;
				DEVELOPMENT_TEAM = 9HT6TSQV5F;
				GENERATE_INFOPLIST_FILE = YES;
				MARKETING_VERSION = 1.0;
				PRODUCT_BUNDLE_IDENTIFIER = "com.hetsler-com.hetsler.Ag-Spray-Drone-Field-and-Chemical-TrackingUITests";
				PRODUCT_NAME = "$(TARGET_NAME)";
				STRING_CATALOG_GENERATE_SYMBOLS = NO;
				SWIFT_APPROACHABLE_CONCURRENCY = YES;
				SWIFT_EMIT_LOC_STRINGS = NO;
				SWIFT_UPCOMING_FEATURE_MEMBER_IMPORT_VISIBILITY = YES;
				SWIFT_VERSION = 5.0;
				TARGETED_DEVICE_FAMILY = "1,2";
				TEST_TARGET_NAME = "Ag Spray Drone Field and Chemical Tracking";
			};
			name = Release;
		};
/* End XCBuildConfiguration section */

/* Begin XCConfigurationList section */
		8DACE1182F367BA600C6AB1B /* Build configuration list for PBXProject "Ag Spray Drone Field and Chemical Tracking" */ = {
			isa = XCConfigurationList;
			buildConfigurations = (
				8DACE13E2F367BA800C6AB1B /* Debug */,
				8DACE13F2F367BA800C6AB1B /* Release */,
			);
			defaultConfigurationIsVisible = 0;
			defaultConfigurationName = Release;
		};
		8DACE1402F367BA800C6AB1B /* Build configuration list for PBXNativeTarget "Ag Spray Drone Field and Chemical Tracking" */ = {
			isa = XCConfigurationList;
			buildConfigurations = (
				8DACE1412F367BA800C6AB1B /* Debug */,
				8DACE1422F367BA800C6AB1B /* Release */,
			);
			defaultConfigurationIsVisible = 0;
			defaultConfigurationName = Release;
		};
		8DACE1432F367BA800C6AB1B /* Build configuration list for PBXNativeTarget "Ag Spray Drone Field and Chemical TrackingTests" */ = {
			isa = XCConfigurationList;
			buildConfigurations = (
				8DACE1442F367BA800C6AB1B /* Debug */,
				8DACE1452F367BA800C6AB1B /* Release */,
			);
			defaultConfigurationIsVisible = 0;
			defaultConfigurationName = Release;
		};
		8DACE1462F367BA800C6AB1B /* Build configuration list for PBXNativeTarget "Ag Spray Drone Field and Chemical TrackingUITests" */ = {
			isa = XCConfigurationList;
			buildConfigurations = (
				8DACE1472F367BA800C6AB1B /* Debug */,
				8DACE1482F367BA800C6AB1B /* Release */,
			);
			defaultConfigurationIsVisible = 0;
			defaultConfigurationName = Release;
		};
/* End XCConfigurationList section */

/* Begin XCRemoteSwiftPackageReference section */
		8DE038142F4CFC4900274FB2 /* XCRemoteSwiftPackageReference "supabase-swift" */ = {
			isa = XCRemoteSwiftPackageReference;
			repositoryURL = "https://github.com/supabase/supabase-swift.git";
			requirement = {
				kind = upToNextMajorVersion;
				minimumVersion = 2.5.1;
			};
		};
/* End XCRemoteSwiftPackageReference section */

/* Begin XCSwiftPackageProductDependency section */
		8DE038162F4D00C500274FB2 /* Supabase */ = {
			isa = XCSwiftPackageProductDependency;
			package = 8DE038142F4CFC4900274FB2 /* XCRemoteSwiftPackageReference "supabase-swift" */;
			productName = Supabase;
		};
/* End XCSwiftPackageProductDependency section */
	};
	rootObject = 8DACE1152F367BA600C6AB1B /* Project object */;
}
